
Microsoft Visual Studio Solution File, Format Version 12.00
# Visual Studio 15
VisualStudioVersion = 15.0.28307.1022
MinimumVisualStudioVersion = 10.0.40219.1
Project("{FAE04EC0-301F-11D3-BF4B-00C04F79EFBC}") = "HomeworkQ2", "HomeworkQ2\HomeworkQ2.csproj", "{B57245A9-CDB8-4C45-AC0C-AEAE8FE52885}"
EndProject
Global
	GlobalSection(SolutionConfigurationPlatforms) = preSolution
		Debug|Any CPU = Debug|Any CPU
		Release|Any CPU = Release|Any CPU
	EndGlobalSection
	GlobalSection(ProjectConfigurationPlatforms) = postSolution
		{B57245A9-CDB8-4C45-AC0C-AEAE8FE52885}.Debug|Any CPU.ActiveCfg = Debug|Any CPU
		{B57245A9-CDB8-4C45-AC0C-AEAE8FE52885}.Debug|Any CPU.Build.0 = Debug|Any CPU
		{B57245A9-CDB8-4C45-AC0C-AEAE8FE52885}.Release|Any CPU.ActiveCfg = Release|Any CPU
		{B57245A9-CDB8-4C45-AC0C-AEAE8FE52885}.Release|Any CPU.Build.0 = Release|Any CPU
	EndGlobalSection
	GlobalSection(SolutionProperties) = preSolution
		HideSolutionNode = FALSE
	EndGlobalSection
	GlobalSection(ExtensibilityGlobals) = postSolution
		SolutionGuid = {602A124A-0BF7-4E7C-838E-88C3EE4145F9}
	EndGlobalSection
EndGlobal
